Microsoft Visual Studio Solution File, Format Version 12.00
# Visual Studio Version 17
VisualStudioVersion = 17.0.31903.59
MinimumVisualStudioVersion = 10.0.40219.1
Project("{FAE04EC0-301F-11D3-BF4B-00C04F79EFBC}") = "ProjectHub.Domain", "src\ProjectHub.Domain\ProjectHub.Domain.csproj", "{A1B2C3D4-E5F6-4789-A0B1-C2D3E4F5A6B7}"
EndProject
Project("{FAE04EC0-301F-11D3-BF4B-00C04F79EFBC}") = "ProjectHub.Application", "src\ProjectHub.Application\ProjectHub.Application.csproj", "{B2C3D4E5-F6A7-4890-B1C2-D3E4F5A6B7C8}"
EndProject
Project("{FAE04EC0-301F-11D3-BF4B-00C04F79EFBC}") = "ProjectHub.Infrastructure", "src\ProjectHub.Infrastructure\ProjectHub.Infrastructure.csproj", "{C3D4E5F6-A7B8-4901-C2D3-E4F5A6B7C8D9}"
EndProject
Project("{FAE04EC0-301F-11D3-BF4B-00C04F79EFBC}") = "ProjectHub.Presentation", "src\ProjectHub.Presentation\ProjectHub.Presentation.csproj", "{D4E5F6A7-B8C9-4902-D3E4-F5A6B7C8D9E0}"
EndProject
Global
	GlobalSection(SolutionConfigurationPlatforms) = preSolution
		Debug|Any CPU = Debug|Any CPU
		Release|Any CPU = Release|Any CPU
	EndGlobalSection
	GlobalSection(ProjectConfigurationPlatforms) = postSolution
		{A1B2C3D4-E5F6-4789-A0B1-C2D3E4F5A6B7}.Debug|Any CPU.ActiveCfg = Debug|Any CPU
		{A1B2C3D4-E5F6-4789-A0B1-C2D3E4F5A6B7}.Debug|Any CPU.Build.0 = Debug|Any CPU
		{A1B2C3D4-E5F6-4789-A0B1-C2D3E4F5A6B7}.Release|Any CPU.ActiveCfg = Release|Any CPU
		{A1B2C3D4-E5F6-4789-A0B1-C2D3E4F5A6B7}.Release|Any CPU.Build.0 = Release|Any CPU
		{B2C3D4E5-F6A7-4890-B1C2-D3E4F5A6B7C8}.Debug|Any CPU.ActiveCfg = Debug|Any CPU
		{B2C3D4E5-F6A7-4890-B1C2-D3E4F5A6B7C8}.Debug|Any CPU.Build.0 = Debug|Any CPU
		{B2C3D4E5-F6A7-4890-B1C2-D3E4F5A6B7C8}.Release|Any CPU.ActiveCfg = Release|Any CPU
		{B2C3D4E5-F6A7-4890-B1C2-D3E4F5A6B7C8}.Release|Any CPU.Build.0 = Release|Any CPU
		{C3D4E5F6-A7B8-4901-C2D3-E4F5A6B7C8D9}.Debug|Any CPU.ActiveCfg = Debug|Any CPU
		{C3D4E5F6-A7B8-4901-C2D3-E4F5A6B7C8D9}.Debug|Any CPU.Build.0 = Debug|Any CPU
		{C3D4E5F6-A7B8-4901-C2D3-E4F5A6B7C8D9}.Release|Any CPU.ActiveCfg = Release|Any CPU
		{C3D4E5F6-A7B8-4901-C2D3-E4F5A6B7C8D9}.Release|Any CPU.Build.0 = Release|Any CPU
		{D4E5F6A7-B8C9-4902-D3E4-F5A6B7C8D9E0}.Debug|Any CPU.ActiveCfg = Debug|Any CPU
		{D4E5F6A7-B8C9-4902-D3E4-F5A6B7C8D9E0}.Debug|Any CPU.Build.0 = Debug|Any CPU
		{D4E5F6A7-B8C9-4902-D3E4-F5A6B7C8D9E0}.Release|Any CPU.ActiveCfg = Release|Any CPU
		{D4E5F6A7-B8C9-4902-D3E4-F5A6B7C8D9E0}.Release|Any CPU.Build.0 = Release|Any CPU
	EndGlobalSection
EndGlobal
